
Microsoft Visual Studio Solution File, Format Version 12.00
# Visual Studio Version 17
VisualStudioVersion = 17.0.31903.59
MinimumVisualStudioVersion = 10.0.40219.1
Project("{FAE04EC0-301F-11D3-BF4B-00C04F79EFBC}") = "SyxPack", "SyxPack\SyxPack.csproj", "{74905567-71DD-4527-A676-892BA80C53FB}"
EndProject
Project("{FAE04EC0-301F-11D3-BF4B-00C04F79EFBC}") = "SyxPack.Tests", "SyxPack.Tests\SyxPack.Tests.csproj", "{1D561443-DE0F-4F8E-AB6D-D4B3E765C225}"
EndProject
Global
	GlobalSection(SolutionConfigurationPlatforms) = preSolution
		Debug|Any CPU = Debug|Any CPU
		Release|Any CPU = Release|Any CPU
	EndGlobalSection
	GlobalSection(SolutionProperties) = preSolution
		HideSolutionNode = FALSE
	EndGlobalSection
	GlobalSection(ProjectConfigurationPlatforms) = postSolution
		{74905567-71DD-4527-A676-892BA80C53FB}.Debug|Any CPU.ActiveCfg = Debug|Any CPU
		{74905567-71DD-4527-A676-892BA80C53FB}.Debug|Any CPU.Build.0 = Debug|Any CPU
		{74905567-71DD-4527-A676-892BA80C53FB}.Release|Any CPU.ActiveCfg = Release|Any CPU
		{74905567-71DD-4527-A676-892BA80C53FB}.Release|Any CPU.Build.0 = Release|Any CPU
		{1D561443-DE0F-4F8E-AB6D-D4B3E765C225}.Debug|Any CPU.ActiveCfg = Debug|Any CPU
		{1D561443-DE0F-4F8E-AB6D-D4B3E765C225}.Debug|Any CPU.Build.0 = Debug|Any CPU
		{1D561443-DE0F-4F8E-AB6D-D4B3E765C225}.Release|Any CPU.ActiveCfg = Release|Any CPU
		{1D561443-DE0F-4F8E-AB6D-D4B3E765C225}.Release|Any CPU.Build.0 = Release|Any CPU
	EndGlobalSection
EndGlobal
